
Microsoft Visual Studio Solution File, Format Version 12.00
# Visual Studio Version 16
VisualStudioVersion = 16.0.30011.22
MinimumVisualStudioVersion = 10.0.40219.1
Project("{9A19103F-16F7-4668-BE54-9A1E7A4F7556}") = "SchedulerAPI", "..\src\Supermarket.API\SchedulerAPI.csproj", "{C0C04C43-591C-4CA4-A17F-BFBED48E18BC}"
EndProject
Project("{FAE04EC0-301F-11D3-BF4B-00C04F79EFBC}") = "Scheduler_Test", "..\test\LimeCRM_Test\Scheduler_Test.csproj", "{0ACC8A7E-0743-4F15-BE0E-96A4BC3F56A1}"
EndProject
Global
	GlobalSection(SolutionConfigurationPlatforms) = preSolution
		Debug|Any CPU = Debug|Any CPU
		Release|Any CPU = Release|Any CPU
	EndGlobalSection
	GlobalSection(ProjectConfigurationPlatforms) = postSolution
		{C0C04C43-591C-4CA4-A17F-BFBED48E18BC}.Debug|Any CPU.ActiveCfg = Debug|Any CPU
		{C0C04C43-591C-4CA4-A17F-BFBED48E18BC}.Debug|Any CPU.Build.0 = Debug|Any CPU
		{C0C04C43-591C-4CA4-A17F-BFBED48E18BC}.Release|Any CPU.ActiveCfg = Release|Any CPU
		{C0C04C43-591C-4CA4-A17F-BFBED48E18BC}.Release|Any CPU.Build.0 = Release|Any CPU
		{0ACC8A7E-0743-4F15-BE0E-96A4BC3F56A1}.Debug|Any CPU.ActiveCfg = Debug|Any CPU
		{0ACC8A7E-0743-4F15-BE0E-96A4BC3F56A1}.Debug|Any CPU.Build.0 = Debug|Any CPU
		{0ACC8A7E-0743-4F15-BE0E-96A4BC3F56A1}.Release|Any CPU.ActiveCfg = Release|Any CPU
		{0ACC8A7E-0743-4F15-BE0E-96A4BC3F56A1}.Release|Any CPU.Build.0 = Release|Any CPU
	EndGlobalSection
	GlobalSection(SolutionProperties) = preSolution
		HideSolutionNode = FALSE
	EndGlobalSection
	GlobalSection(ExtensibilityGlobals) = postSolution
		SolutionGuid = {1AB47CFC-FEC4-45A6-AA87-0F234C350059}
	EndGlobalSection
EndGlobal
